<?xml version="1.0" encoding="utf-8"?>
<Project ToolsVersion="4.0" xmlns="http://schemas.microsoft.com/developer/msbuild/2003">
  <ItemGroup>
    <Filter Include="Header Files">
      <UniqueIdentifier>{93995380-89BD-4b04-88EB-625FBE52EBFB}</UniqueIdentifier>
      <Extensions>h;hh;hpp;hxx;h++;hm;inl;inc;ipp;xsd</Extensions>
    </Filter>
    <Filter Include="Resource Files">
      <UniqueIdentifier>{67DA6AB6-F800-4c08-8B7A-83BB121AAD01}</UniqueIdentifier>
      <Extensions>rc;ico;cur;bmp;dlg;rc2;rct;bin;rgs;gif;jpg;jpeg;jpe;resx;tiff;tif;png;wav;mfcribbon-ms</Extensions>
    </Filter>
    <Filter Include="GLSL">
      <UniqueIdentifier>{13b134c9-5191-47f9-ac78-159bad30024a}</UniqueIdentifier>
    </Filter>
    <Filter Include="Shaders">
      <UniqueIdentifier>{a6d032e3-9190-4f40-beee-881fed772450}</UniqueIdentifier>
    </Filter>
    <Filter Include="Source Files">
      <UniqueIdentifier>{4FC737F1-C7A5-4376-A066-2A32D752A2FF}</UniqueIdentifier>
      <Extensions>cpp;c;cc;cxx;c++;cppm;ixx;def;odl;idl;hpj;bat;asm;asmx</Extensions>
    </Filter>
  </ItemGroup>
  <ItemGroup>
    <ClCompile Include="src\HelloTriangle.cpp">
      <Filter>Source Files</Filter>
    </ClCompile>
    <ClCompile Include="src\Main.cpp">
      <Filter>Source Files</Filter>
    </ClCompile>
    <ClCompile Include="src\WindowManager.cpp">
      <Filter>Source Files</Filter>
    </ClCompile>
    <ClCompile Include="src\VulkanManager.cpp">
      <Filter>Source Files</Filter>
    </ClCompile>
    <ClCompile Include="src\ValidationLayers.cpp">
      <Filter>Source Files</Filter>
    </ClCompile>
    <ClCompile Include="src\DeviceManager.cpp">
      <Filter>Source Files</Filter>
    </ClCompile>
    <ClCompile Include="src\ImageTools.cpp">
      <Filter>Source Files</Filter>
    </ClCompile>
    <ClCompile Include="src\MemoryTools.cpp">
      <Filter>Source Files</Filter>
    </ClCompile>
    <ClCompile Include="src\CommandTools.cpp">
      <Filter>Source Files</Filter>
    </ClCompile>
    <ClCompile Include="src\InputManager.cpp">
      <Filter>Source Files</Filter>
    </ClCompile>
    <ClCompile Include="src\Camera.cpp">
      <Filter>Source Files</Filter>
    </ClCompile>
    <ClCompile Include="src\RenderObject.cpp">
      <Filter>Source Files</Filter>
    </ClCompile>
    <ClCompile Include="src\MemoryManager.cpp">
      <Filter>Source Files</Filter>
    </ClCompile>
    <ClCompile Include="src\GUIManager.cpp">
      <Filter>Source Files</Filter>
    </ClCompile>
    <ClCompile Include="src\imgui.cpp">
      <Filter>Source Files</Filter>
    </ClCompile>
    <ClCompile Include="src\imgui_impl_glfw.cpp">
      <Filter>Source Files</Filter>
    </ClCompile>
    <ClCompile Include="src\imgui_impl_vulkan.cpp">
      <Filter>Source Files</Filter>
    </ClCompile>
    <ClCompile Include="src\imgui_demo.cpp">
      <Filter>Source Files</Filter>
    </ClCompile>
    <ClCompile Include="src\imgui_draw.cpp">
      <Filter>Source Files</Filter>
    </ClCompile>
    <ClCompile Include="src\imgui_tables.cpp">
      <Filter>Source Files</Filter>
    </ClCompile>
    <ClCompile Include="src\imgui_widgets.cpp">
      <Filter>Source Files</Filter>
    </ClCompile>
    <ClCompile Include="src\Transform.cpp">
      <Filter>Source Files</Filter>
    </ClCompile>
    <ClCompile Include="src\MathTools.cpp">
      <Filter>Source Files</Filter>
    </ClCompile>
    <ClCompile Include="src\LogicManager.cpp">
      <Filter>Source Files</Filter>
    </ClCompile>
    <ClCompile Include="src\Engine.cpp">
      <Filter>Source Files</Filter>
    </ClCompile>
    <ClCompile Include="src\ModelObject.cpp">
      <Filter>Source Files</Filter>
    </ClCompile>
    <ClCompile Include="src\ModelingTools.cpp">
      <Filter>Source Files</Filter>
    </ClCompile>
    <ClCompile Include="src\GeometryTypes.cpp">
      <Filter>Source Files</Filter>
    </ClCompile>
    <ClCompile Include="src\RenderTools.cpp">
      <Filter>Source Files</Filter>
    </ClCompile>
  </ItemGroup>
  <ItemGroup>
    <Text Include="GLSL\FragmentShaderGLSL.txt">
      <Filter>GLSL</Filter>
    </Text>
    <Text Include="GLSL\VertexShaderGLSL.txt">
      <Filter>GLSL</Filter>
    </Text>
    <Text Include="NOTES.txt" />
  </ItemGroup>
  <ItemGroup>
    <None Include="shaders\compile.bat">
      <Filter>Shaders</Filter>
    </None>
    <None Include="shaders\frag.spv">
      <Filter>Shaders</Filter>
    </None>
    <None Include="shaders\shader.frag">
      <Filter>Shaders</Filter>
    </None>
    <None Include="shaders\shader.vert">
      <Filter>Shaders</Filter>
    </None>
    <None Include="shaders\vert.spv">
      <Filter>Shaders</Filter>
    </None>
    <None Include="shaders\lineShader.frag">
      <Filter>Shaders</Filter>
    </None>
    <None Include="shaders\lineShader.vert">
      <Filter>Shaders</Filter>
    </None>
    <None Include="shaders\lineFrag.spv">
      <Filter>Shaders</Filter>
    </None>
    <None Include="shaders\lineVert.spv">
      <Filter>Shaders</Filter>
    </None>
  </ItemGroup>
  <ItemGroup>
    <ClInclude Include="src\Constants.h">
      <Filter>Header Files</Filter>
    </ClInclude>
    <ClInclude Include="src\VulkanGlobals.h">
      <Filter>Header Files</Filter>
    </ClInclude>
    <ClInclude Include="src\WindowManager.h">
      <Filter>Header Files</Filter>
    </ClInclude>
    <ClInclude Include="src\VulkanManager.h">
      <Filter>Header Files</Filter>
    </ClInclude>
    <ClInclude Include="src\ValidationLayers.h">
      <Filter>Header Files</Filter>
    </ClInclude>
    <ClInclude Include="src\DeviceManager.h">
      <Filter>Header Files</Filter>
    </ClInclude>
    <ClInclude Include="src\Tools.h">
      <Filter>Header Files</Filter>
    </ClInclude>
    <ClInclude Include="src\StandardIncludes.h">
      <Filter>Header Files</Filter>
    </ClInclude>
    <ClInclude Include="src\InputManager.h">
      <Filter>Header Files</Filter>
    </ClInclude>
    <ClInclude Include="src\Camera.h">
      <Filter>Header Files</Filter>
    </ClInclude>
    <ClInclude Include="src\RenderObject.h">
      <Filter>Header Files</Filter>
    </ClInclude>
    <ClInclude Include="src\MemoryManager.h">
      <Filter>Header Files</Filter>
    </ClInclude>
    <ClInclude Include="src\GUIManager.h">
      <Filter>Header Files</Filter>
    </ClInclude>
    <ClInclude Include="src\imgui_impl_vulkan.h">
      <Filter>Header Files</Filter>
    </ClInclude>
    <ClInclude Include="src\imgui_impl_glfw.h">
      <Filter>Header Files</Filter>
    </ClInclude>
    <ClInclude Include="src\imgui.h">
      <Filter>Header Files</Filter>
    </ClInclude>
    <ClInclude Include="src\imconfig.h">
      <Filter>Header Files</Filter>
    </ClInclude>
    <ClInclude Include="src\imgui_internal.h">
      <Filter>Header Files</Filter>
    </ClInclude>
    <ClInclude Include="src\imstb_rectpack.h">
      <Filter>Header Files</Filter>
    </ClInclude>
    <ClInclude Include="src\imstb_textedit.h">
      <Filter>Header Files</Filter>
    </ClInclude>
    <ClInclude Include="src\imstb_truetype.h">
      <Filter>Header Files</Filter>
    </ClInclude>
    <ClInclude Include="src\Transform.h">
      <Filter>Header Files</Filter>
    </ClInclude>
    <ClInclude Include="src\LogicManager.h">
      <Filter>Header Files</Filter>
    </ClInclude>
    <ClInclude Include="src\Engine.h">
      <Filter>Header Files</Filter>
    </ClInclude>
    <ClInclude Include="src\GeometryTypes.h">
      <Filter>Header Files</Filter>
    </ClInclude>
    <ClInclude Include="src\ModelObject.h">
      <Filter>Header Files</Filter>
    </ClInclude>
  </ItemGroup>
</Project>